
Microsoft Visual Studio Solution File, Format Version 12.00
# Visual Studio Version 17
VisualStudioVersion = 17.8.34525.116
MinimumVisualStudioVersion = 10.0.40219.1
Project("{9A19103F-16F7-4668-BE54-9A1E7A4F7556}") = "NotificationService", "NotificationService.csproj", "{D44DF6C7-5A5D-4A9D-8658-E3FB52A6371C}"
EndProject
Global
	GlobalSection(SolutionConfigurationPlatforms) = preSolution
		Debug|Any CPU = Debug|Any CPU
		Release|Any CPU = Release|Any CPU
	EndGlobalSection
	GlobalSection(ProjectConfigurationPlatforms) = postSolution
		{D44DF6C7-5A5D-4A9D-8658-E3FB52A6371C}.Debug|Any CPU.ActiveCfg = Debug|Any CPU
		{D44DF6C7-5A5D-4A9D-8658-E3FB52A6371C}.Debug|Any CPU.Build.0 = Debug|Any CPU
		{D44DF6C7-5A5D-4A9D-8658-E3FB52A6371C}.Release|Any CPU.ActiveCfg = Release|Any CPU
		{D44DF6C7-5A5D-4A9D-8658-E3FB52A6371C}.Release|Any CPU.Build.0 = Release|Any CPU
	EndGlobalSection
	GlobalSection(SolutionProperties) = preSolution
		HideSolutionNode = FALSE
	EndGlobalSection
	GlobalSection(ExtensibilityGlobals) = postSolution
		SolutionGuid = {05962589-DF0A-4508-920C-2873200FF775}
	EndGlobalSection
EndGlobal
